
Microsoft Visual Studio Solution File, Format Version 12.00
# Visual Studio Version 16
VisualStudioVersion = 16.0.29209.62
MinimumVisualStudioVersion = 10.0.40219.1
Project("{00D1A9C2-B5F0-4AF3-8072-F6C62B433612}") = "EshopKaze.Database", "EshopKaze.Database\EshopKaze.Database.sqlproj", "{E5EA68B2-6F0B-4A48-8085-0B2D04141C86}"
EndProject
Project("{FAE04EC0-301F-11D3-BF4B-00C04F79EFBC}") = "EshopKaze.Repository", "EshopKaze.Repository\EshopKaze.Repository.csproj", "{01A96866-89AB-4BD4-86D8-1AA5F38A57D1}"
EndProject
Project("{FAE04EC0-301F-11D3-BF4B-00C04F79EFBC}") = "EshopKaze.WebApi", "EshopKaze.WebApi\EshopKaze.WebApi.csproj", "{5B2DAE86-A54D-4460-BFEE-4977BB357CD1}"
EndProject
Project("{9A19103F-16F7-4668-BE54-9A1E7A4F7556}") = "EshopKaze.Models", "EshopKaze.Models\EshopKaze.Models.csproj", "{384671A6-F086-4F50-AD54-199EE4977064}"
EndProject
Project("{9A19103F-16F7-4668-BE54-9A1E7A4F7556}") = "EshopKaze.Service", "EshopKaze.Service\EshopKaze.Service.csproj", "{B43D2199-13D1-4F52-AC8D-F6C8F28FAA8C}"
EndProject
Project("{FAE04EC0-301F-11D3-BF4B-00C04F79EFBC}") = "EshopKaze.Mobile.Android", "EshopKaze.Mobile\EshopKaze.Mobile.Android\EshopKaze.Mobile.Android.csproj", "{D8C18E0C-773C-40D6-8528-0B0DBB8EFADE}"
EndProject
Project("{FAE04EC0-301F-11D3-BF4B-00C04F79EFBC}") = "EshopKaze.Mobile.iOS", "EshopKaze.Mobile\EshopKaze.Mobile.iOS\EshopKaze.Mobile.iOS.csproj", "{21D74014-2942-4780-9492-16DDF0BE2734}"
EndProject
Project("{FAE04EC0-301F-11D3-BF4B-00C04F79EFBC}") = "EshopKaze.Mobile", "EshopKaze.Mobile\EshopKaze.Mobile\EshopKaze.Mobile.csproj", "{BDE62F88-C990-4773-B912-5D26CC2BDCC4}"
EndProject
Global
	GlobalSection(SolutionConfigurationPlatforms) = preSolution
		Debug|Any CPU = Debug|Any CPU
		Debug|iPhone = Debug|iPhone
		Debug|iPhoneSimulator = Debug|iPhoneSimulator
		Release|Any CPU = Release|Any CPU
		Release|iPhone = Release|iPhone
		Release|iPhoneSimulator = Release|iPhoneSimulator
	EndGlobalSection
	GlobalSection(ProjectConfigurationPlatforms) = postSolution
		{E5EA68B2-6F0B-4A48-8085-0B2D04141C86}.Debug|Any CPU.ActiveCfg = Debug|Any CPU
		{E5EA68B2-6F0B-4A48-8085-0B2D04141C86}.Debug|Any CPU.Build.0 = Debug|Any CPU
		{E5EA68B2-6F0B-4A48-8085-0B2D04141C86}.Debug|Any CPU.Deploy.0 = Debug|Any CPU
		{E5EA68B2-6F0B-4A48-8085-0B2D04141C86}.Debug|iPhone.ActiveCfg = Debug|Any CPU
		{E5EA68B2-6F0B-4A48-8085-0B2D04141C86}.Debug|iPhone.Build.0 = Debug|Any CPU
		{E5EA68B2-6F0B-4A48-8085-0B2D04141C86}.Debug|iPhone.Deploy.0 = Debug|Any CPU
		{E5EA68B2-6F0B-4A48-8085-0B2D04141C86}.Debug|iPhoneSimulator.ActiveCfg = Debug|Any CPU
		{E5EA68B2-6F0B-4A48-8085-0B2D04141C86}.Debug|iPhoneSimulator.Build.0 = Debug|Any CPU
		{E5EA68B2-6F0B-4A48-8085-0B2D04141C86}.Debug|iPhoneSimulator.Deploy.0 = Debug|Any CPU
		{E5EA68B2-6F0B-4A48-8085-0B2D04141C86}.Release|Any CPU.ActiveCfg = Release|Any CPU
		{E5EA68B2-6F0B-4A48-8085-0B2D04141C86}.Release|Any CPU.Build.0 = Release|Any CPU
		{E5EA68B2-6F0B-4A48-8085-0B2D04141C86}.Release|Any CPU.Deploy.0 = Release|Any CPU
		{E5EA68B2-6F0B-4A48-8085-0B2D04141C86}.Release|iPhone.ActiveCfg = Release|Any CPU
		{E5EA68B2-6F0B-4A48-8085-0B2D04141C86}.Release|iPhone.Build.0 = Release|Any CPU
		{E5EA68B2-6F0B-4A48-8085-0B2D04141C86}.Release|iPhone.Deploy.0 = Release|Any CPU
		{E5EA68B2-6F0B-4A48-8085-0B2D04141C86}.Release|iPhoneSimulator.ActiveCfg = Release|Any CPU
		{E5EA68B2-6F0B-4A48-8085-0B2D04141C86}.Release|iPhoneSimulator.Build.0 = Release|Any CPU
		{E5EA68B2-6F0B-4A48-8085-0B2D04141C86}.Release|iPhoneSimulator.Deploy.0 = Release|Any CPU
		{01A96866-89AB-4BD4-86D8-1AA5F38A57D1}.Debug|Any CPU.ActiveCfg = Debug|Any CPU
		{01A96866-89AB-4BD4-86D8-1AA5F38A57D1}.Debug|Any CPU.Build.0 = Debug|Any CPU
		{01A96866-89AB-4BD4-86D8-1AA5F38A57D1}.Debug|iPhone.ActiveCfg = Debug|Any CPU
		{01A96866-89AB-4BD4-86D8-1AA5F38A57D1}.Debug|iPhone.Build.0 = Debug|Any CPU
		{01A96866-89AB-4BD4-86D8-1AA5F38A57D1}.Debug|iPhoneSimulator.ActiveCfg = Debug|Any CPU
		{01A96866-89AB-4BD4-86D8-1AA5F38A57D1}.Debug|iPhoneSimulator.Build.0 = Debug|Any CPU
		{01A96866-89AB-4BD4-86D8-1AA5F38A57D1}.Release|Any CPU.ActiveCfg = Release|Any CPU
		{01A96866-89AB-4BD4-86D8-1AA5F38A57D1}.Release|Any CPU.Build.0 = Release|Any CPU
		{01A96866-89AB-4BD4-86D8-1AA5F38A57D1}.Release|iPhone.ActiveCfg = Release|Any CPU
		{01A96866-89AB-4BD4-86D8-1AA5F38A57D1}.Release|iPhone.Build.0 = Release|Any CPU
		{01A96866-89AB-4BD4-86D8-1AA5F38A57D1}.Release|iPhoneSimulator.ActiveCfg = Release|Any CPU
		{01A96866-89AB-4BD4-86D8-1AA5F38A57D1}.Release|iPhoneSimulator.Build.0 = Release|Any CPU
		{5B2DAE86-A54D-4460-BFEE-4977BB357CD1}.Debug|Any CPU.ActiveCfg = Debug|Any CPU
		{5B2DAE86-A54D-4460-BFEE-4977BB357CD1}.Debug|Any CPU.Build.0 = Debug|Any CPU
		{5B2DAE86-A54D-4460-BFEE-4977BB357CD1}.Debug|iPhone.ActiveCfg = Debug|Any CPU
		{5B2DAE86-A54D-4460-BFEE-4977BB357CD1}.Debug|iPhone.Build.0 = Debug|Any CPU
		{5B2DAE86-A54D-4460-BFEE-4977BB357CD1}.Debug|iPhoneSimulator.ActiveCfg = Debug|Any CPU
		{5B2DAE86-A54D-4460-BFEE-4977BB357CD1}.Debug|iPhoneSimulator.Build.0 = Debug|Any CPU
		{5B2DAE86-A54D-4460-BFEE-4977BB357CD1}.Release|Any CPU.ActiveCfg = Release|Any CPU
		{5B2DAE86-A54D-4460-BFEE-4977BB357CD1}.Release|Any CPU.Build.0 = Release|Any CPU
		{5B2DAE86-A54D-4460-BFEE-4977BB357CD1}.Release|iPhone.ActiveCfg = Release|Any CPU
		{5B2DAE86-A54D-4460-BFEE-4977BB357CD1}.Release|iPhone.Build.0 = Release|Any CPU
		{5B2DAE86-A54D-4460-BFEE-4977BB357CD1}.Release|iPhoneSimulator.ActiveCfg = Release|Any CPU
		{5B2DAE86-A54D-4460-BFEE-4977BB357CD1}.Release|iPhoneSimulator.Build.0 = Release|Any CPU
		{384671A6-F086-4F50-AD54-199EE4977064}.Debug|Any CPU.ActiveCfg = Debug|Any CPU
		{384671A6-F086-4F50-AD54-199EE4977064}.Debug|Any CPU.Build.0 = Debug|Any CPU
		{384671A6-F086-4F50-AD54-199EE4977064}.Debug|iPhone.ActiveCfg = Debug|Any CPU
		{384671A6-F086-4F50-AD54-199EE4977064}.Debug|iPhone.Build.0 = Debug|Any CPU
		{384671A6-F086-4F50-AD54-199EE4977064}.Debug|iPhoneSimulator.ActiveCfg = Debug|Any CPU
		{384671A6-F086-4F50-AD54-199EE4977064}.Debug|iPhoneSimulator.Build.0 = Debug|Any CPU
		{384671A6-F086-4F50-AD54-199EE4977064}.Release|Any CPU.ActiveCfg = Release|Any CPU
		{384671A6-F086-4F50-AD54-199EE4977064}.Release|Any CPU.Build.0 = Release|Any CPU
		{384671A6-F086-4F50-AD54-199EE4977064}.Release|iPhone.ActiveCfg = Release|Any CPU
		{384671A6-F086-4F50-AD54-199EE4977064}.Release|iPhone.Build.0 = Release|Any CPU
		{384671A6-F086-4F50-AD54-199EE4977064}.Release|iPhoneSimulator.ActiveCfg = Release|Any CPU
		{384671A6-F086-4F50-AD54-199EE4977064}.Release|iPhoneSimulator.Build.0 = Release|Any CPU
		{B43D2199-13D1-4F52-AC8D-F6C8F28FAA8C}.Debug|Any CPU.ActiveCfg = Debug|Any CPU
		{B43D2199-13D1-4F52-AC8D-F6C8F28FAA8C}.Debug|Any CPU.Build.0 = Debug|Any CPU
		{B43D2199-13D1-4F52-AC8D-F6C8F28FAA8C}.Debug|iPhone.ActiveCfg = Debug|Any CPU
		{B43D2199-13D1-4F52-AC8D-F6C8F28FAA8C}.Debug|iPhone.Build.0 = Debug|Any CPU
		{B43D2199-13D1-4F52-AC8D-F6C8F28FAA8C}.Debug|iPhoneSimulator.ActiveCfg = Debug|Any CPU
		{B43D2199-13D1-4F52-AC8D-F6C8F28FAA8C}.Debug|iPhoneSimulator.Build.0 = Debug|Any CPU
		{B43D2199-13D1-4F52-AC8D-F6C8F28FAA8C}.Release|Any CPU.ActiveCfg = Release|Any CPU
		{B43D2199-13D1-4F52-AC8D-F6C8F28FAA8C}.Release|Any CPU.Build.0 = Release|Any CPU
		{B43D2199-13D1-4F52-AC8D-F6C8F28FAA8C}.Release|iPhone.ActiveCfg = Release|Any CPU
		{B43D2199-13D1-4F52-AC8D-F6C8F28FAA8C}.Release|iPhone.Build.0 = Release|Any CPU
		{B43D2199-13D1-4F52-AC8D-F6C8F28FAA8C}.Release|iPhoneSimulator.ActiveCfg = Release|Any CPU
		{B43D2199-13D1-4F52-AC8D-F6C8F28FAA8C}.Release|iPhoneSimulator.Build.0 = Release|Any CPU
		{D8C18E0C-773C-40D6-8528-0B0DBB8EFADE}.Debug|Any CPU.ActiveCfg = Debug|Any CPU
		{D8C18E0C-773C-40D6-8528-0B0DBB8EFADE}.Debug|Any CPU.Build.0 = Debug|Any CPU
		{D8C18E0C-773C-40D6-8528-0B0DBB8EFADE}.Debug|Any CPU.Deploy.0 = Debug|Any CPU
		{D8C18E0C-773C-40D6-8528-0B0DBB8EFADE}.Debug|iPhone.ActiveCfg = Debug|Any CPU
		{D8C18E0C-773C-40D6-8528-0B0DBB8EFADE}.Debug|iPhone.Build.0 = Debug|Any CPU
		{D8C18E0C-773C-40D6-8528-0B0DBB8EFADE}.Debug|iPhone.Deploy.0 = Debug|Any CPU
		{D8C18E0C-773C-40D6-8528-0B0DBB8EFADE}.Debug|iPhoneSimulator.ActiveCfg = Debug|Any CPU
		{D8C18E0C-773C-40D6-8528-0B0DBB8EFADE}.Debug|iPhoneSimulator.Build.0 = Debug|Any CPU
		{D8C18E0C-773C-40D6-8528-0B0DBB8EFADE}.Debug|iPhoneSimulator.Deploy.0 = Debug|Any CPU
		{D8C18E0C-773C-40D6-8528-0B0DBB8EFADE}.Release|Any CPU.ActiveCfg = Release|Any CPU
		{D8C18E0C-773C-40D6-8528-0B0DBB8EFADE}.Release|Any CPU.Build.0 = Release|Any CPU
		{D8C18E0C-773C-40D6-8528-0B0DBB8EFADE}.Release|Any CPU.Deploy.0 = Release|Any CPU
		{D8C18E0C-773C-40D6-8528-0B0DBB8EFADE}.Release|iPhone.ActiveCfg = Release|Any CPU
		{D8C18E0C-773C-40D6-8528-0B0DBB8EFADE}.Release|iPhone.Build.0 = Release|Any CPU
		{D8C18E0C-773C-40D6-8528-0B0DBB8EFADE}.Release|iPhone.Deploy.0 = Release|Any CPU
		{D8C18E0C-773C-40D6-8528-0B0DBB8EFADE}.Release|iPhoneSimulator.ActiveCfg = Release|Any CPU
		{D8C18E0C-773C-40D6-8528-0B0DBB8EFADE}.Release|iPhoneSimulator.Build.0 = Release|Any CPU
		{D8C18E0C-773C-40D6-8528-0B0DBB8EFADE}.Release|iPhoneSimulator.Deploy.0 = Release|Any CPU
		{21D74014-2942-4780-9492-16DDF0BE2734}.Debug|Any CPU.ActiveCfg = Debug|iPhone
		{21D74014-2942-4780-9492-16DDF0BE2734}.Debug|iPhone.ActiveCfg = Debug|iPhone
		{21D74014-2942-4780-9492-16DDF0BE2734}.Debug|iPhone.Build.0 = Debug|iPhone
		{21D74014-2942-4780-9492-16DDF0BE2734}.Debug|iPhoneSimulator.ActiveCfg = Debug|iPhoneSimulator
		{21D74014-2942-4780-9492-16DDF0BE2734}.Debug|iPhoneSimulator.Build.0 = Debug|iPhoneSimulator
		{21D74014-2942-4780-9492-16DDF0BE2734}.Release|Any CPU.ActiveCfg = Release|iPhone
		{21D74014-2942-4780-9492-16DDF0BE2734}.Release|iPhone.ActiveCfg = Release|iPhone
		{21D74014-2942-4780-9492-16DDF0BE2734}.Release|iPhone.Build.0 = Release|iPhone
		{21D74014-2942-4780-9492-16DDF0BE2734}.Release|iPhoneSimulator.ActiveCfg = Release|iPhoneSimulator
		{21D74014-2942-4780-9492-16DDF0BE2734}.Release|iPhoneSimulator.Build.0 = Release|iPhoneSimulator
		{BDE62F88-C990-4773-B912-5D26CC2BDCC4}.Debug|Any CPU.ActiveCfg = Debug|Any CPU
		{BDE62F88-C990-4773-B912-5D26CC2BDCC4}.Debug|Any CPU.Build.0 = Debug|Any CPU
		{BDE62F88-C990-4773-B912-5D26CC2BDCC4}.Debug|iPhone.ActiveCfg = Debug|Any CPU
		{BDE62F88-C990-4773-B912-5D26CC2BDCC4}.Debug|iPhone.Build.0 = Debug|Any CPU
		{BDE62F88-C990-4773-B912-5D26CC2BDCC4}.Debug|iPhoneSimulator.ActiveCfg = Debug|Any CPU
		{BDE62F88-C990-4773-B912-5D26CC2BDCC4}.Debug|iPhoneSimulator.Build.0 = Debug|Any CPU
		{BDE62F88-C990-4773-B912-5D26CC2BDCC4}.Release|Any CPU.ActiveCfg = Release|Any CPU
		{BDE62F88-C990-4773-B912-5D26CC2BDCC4}.Release|Any CPU.Build.0 = Release|Any CPU
		{BDE62F88-C990-4773-B912-5D26CC2BDCC4}.Release|iPhone.ActiveCfg = Release|Any CPU
		{BDE62F88-C990-4773-B912-5D26CC2BDCC4}.Release|iPhone.Build.0 = Release|Any CPU
		{BDE62F88-C990-4773-B912-5D26CC2BDCC4}.Release|iPhoneSimulator.ActiveCfg = Release|Any CPU
		{BDE62F88-C990-4773-B912-5D26CC2BDCC4}.Release|iPhoneSimulator.Build.0 = Release|Any CPU
	EndGlobalSection
	GlobalSection(SolutionProperties) = preSolution
		HideSolutionNode = FALSE
	EndGlobalSection
	GlobalSection(ExtensibilityGlobals) = postSolution
		SolutionGuid = {92909163-E7A7-4C42-90B8-5B0AD9B68970}
	EndGlobalSection
EndGlobal
